
Microsoft Visual Studio Solution File, Format Version 10.00
# Visual Studio 2008
Project("{FAE04EC0-301F-11D3-BF4B-00C04F79EFBC}") = "IntParseVsConvertToInt32", "IntParseVsConvertToInt32\IntParseVsConvertToInt32.csproj", "{44424BD9-A1EB-497B-8639-D8E839DE8C0F}"
EndProject
Project("{FAE04EC0-301F-11D3-BF4B-00C04F79EFBC}") = "TransformingDataWithLinq", "TransformingDataWithLinq\TransformingDataWithLinq.csproj", "{B00AE27C-99FA-4A69-B653-712A22C1CA38}"
EndProject
Project("{FAE04EC0-301F-11D3-BF4B-00C04F79EFBC}") = "Maybe", "Maybe\Maybe.csproj", "{D512BF2D-5EC7-4427-AE7F-4E1F24F719A9}"
EndProject
Project("{FAE04EC0-301F-11D3-BF4B-00C04F79EFBC}") = "StatelessExample", "StatelessExample\StatelessExample.csproj", "{EEC52524-5199-4D26-A497-8A44D7BDE2F7}"
EndProject
Global
	GlobalSection(SolutionConfigurationPlatforms) = preSolution
		Debug|Any CPU = Debug|Any CPU
		Release|Any CPU = Release|Any CPU
	EndGlobalSection
	GlobalSection(ProjectConfigurationPlatforms) = postSolution
		{44424BD9-A1EB-497B-8639-D8E839DE8C0F}.Debug|Any CPU.ActiveCfg = Debug|Any CPU
		{44424BD9-A1EB-497B-8639-D8E839DE8C0F}.Debug|Any CPU.Build.0 = Debug|Any CPU
		{44424BD9-A1EB-497B-8639-D8E839DE8C0F}.Release|Any CPU.ActiveCfg = Release|Any CPU
		{44424BD9-A1EB-497B-8639-D8E839DE8C0F}.Release|Any CPU.Build.0 = Release|Any CPU
		{B00AE27C-99FA-4A69-B653-712A22C1CA38}.Debug|Any CPU.ActiveCfg = Debug|Any CPU
		{B00AE27C-99FA-4A69-B653-712A22C1CA38}.Debug|Any CPU.Build.0 = Debug|Any CPU
		{B00AE27C-99FA-4A69-B653-712A22C1CA38}.Release|Any CPU.ActiveCfg = Release|Any CPU
		{B00AE27C-99FA-4A69-B653-712A22C1CA38}.Release|Any CPU.Build.0 = Release|Any CPU
		{D512BF2D-5EC7-4427-AE7F-4E1F24F719A9}.Debug|Any CPU.ActiveCfg = Debug|Any CPU
		{D512BF2D-5EC7-4427-AE7F-4E1F24F719A9}.Debug|Any CPU.Build.0 = Debug|Any CPU
		{D512BF2D-5EC7-4427-AE7F-4E1F24F719A9}.Release|Any CPU.ActiveCfg = Release|Any CPU
		{D512BF2D-5EC7-4427-AE7F-4E1F24F719A9}.Release|Any CPU.Build.0 = Release|Any CPU
		{EEC52524-5199-4D26-A497-8A44D7BDE2F7}.Debug|Any CPU.ActiveCfg = Debug|Any CPU
		{EEC52524-5199-4D26-A497-8A44D7BDE2F7}.Debug|Any CPU.Build.0 = Debug|Any CPU
		{EEC52524-5199-4D26-A497-8A44D7BDE2F7}.Release|Any CPU.ActiveCfg = Release|Any CPU
		{EEC52524-5199-4D26-A497-8A44D7BDE2F7}.Release|Any CPU.Build.0 = Release|Any CPU
	EndGlobalSection
	GlobalSection(SolutionProperties) = preSolution
		HideSolutionNode = FALSE
	EndGlobalSection
EndGlobal
