
Microsoft Visual Studio Solution File, Format Version 10.00
# Visual Studio 2008
Project("{FAE04EC0-301F-11D3-BF4B-00C04F79EFBC}") = "IntParseVsConvertToInt32", "IntParseVsConvertToInt32\IntParseVsConvertToInt32.csproj", "{44424BD9-A1EB-497B-8639-D8E839DE8C0F}"
EndProject
Project("{FAE04EC0-301F-11D3-BF4B-00C04F79EFBC}") = "TransformingDataWithLinq", "TransformingDataWithLinq\TransformingDataWithLinq.csproj", "{B00AE27C-99FA-4A69-B653-712A22C1CA38}"
EndProject
Project("{FAE04EC0-301F-11D3-BF4B-00C04F79EFBC}") = "Maybe", "Maybe\Maybe.csproj", "{D512BF2D-5EC7-4427-AE7F-4E1F24F719A9}"
EndProject
Project("{FAE04EC0-301F-11D3-BF4B-00C04F79EFBC}") = "StatelessExample", "StatelessExample\StatelessExample.csproj", "{EEC52524-5199-4D26-A497-8A44D7BDE2F7}"
EndProject
Project("{FAE04EC0-301F-11D3-BF4B-00C04F79EFBC}") = "WindsorExample", "WindsorExample\WindsorExample.csproj", "{5BD3A8C6-76A6-47FE-99B4-F857D828F989}"
EndProject
Project("{FAE04EC0-301F-11D3-BF4B-00C04F79EFBC}") = "WindsorFactory", "WindsorFactory\WindsorFactory.csproj", "{021773B2-2D77-40DC-9AAC-89D3184B8E6B}"
EndProject
Project("{FAE04EC0-301F-11D3-BF4B-00C04F79EFBC}") = "CustomTool", "CustomTool\CustomTool.csproj", "{A20E3FD7-D21E-49D9-B1CA-2907CADDD97E}"
EndProject
Project("{FAE04EC0-301F-11D3-BF4B-00C04F79EFBC}") = "RSpec", "RSpec\RSpec.csproj", "{D74772D0-28F1-47FA-B387-6AB7A4294421}"
EndProject
Project("{FAE04EC0-301F-11D3-BF4B-00C04F79EFBC}") = "IteratorExample", "IteratorExample\IteratorExample.csproj", "{BBD3BE2F-7CE4-45CE-80FC-444FA6A4E780}"
EndProject
Project("{FAE04EC0-301F-11D3-BF4B-00C04F79EFBC}") = "NaturalSorting", "NaturalSorting\NaturalSorting.csproj", "{802F0800-BA03-47D7-B355-55365E1FF854}"
EndProject
Project("{FAE04EC0-301F-11D3-BF4B-00C04F79EFBC}") = "WindsorChildContainers", "WindsorChildContainers\WindsorChildContainers.csproj", "{DA182C63-C13F-407E-86F0-BDB482AB1203}"
EndProject
Global
	GlobalSection(SolutionConfigurationPlatforms) = preSolution
		Debug|Any CPU = Debug|Any CPU
		Release|Any CPU = Release|Any CPU
	EndGlobalSection
	GlobalSection(ProjectConfigurationPlatforms) = postSolution
		{44424BD9-A1EB-497B-8639-D8E839DE8C0F}.Debug|Any CPU.ActiveCfg = Debug|Any CPU
		{44424BD9-A1EB-497B-8639-D8E839DE8C0F}.Debug|Any CPU.Build.0 = Debug|Any CPU
		{44424BD9-A1EB-497B-8639-D8E839DE8C0F}.Release|Any CPU.ActiveCfg = Release|Any CPU
		{44424BD9-A1EB-497B-8639-D8E839DE8C0F}.Release|Any CPU.Build.0 = Release|Any CPU
		{B00AE27C-99FA-4A69-B653-712A22C1CA38}.Debug|Any CPU.ActiveCfg = Debug|Any CPU
		{B00AE27C-99FA-4A69-B653-712A22C1CA38}.Debug|Any CPU.Build.0 = Debug|Any CPU
		{B00AE27C-99FA-4A69-B653-712A22C1CA38}.Release|Any CPU.ActiveCfg = Release|Any CPU
		{B00AE27C-99FA-4A69-B653-712A22C1CA38}.Release|Any CPU.Build.0 = Release|Any CPU
		{D512BF2D-5EC7-4427-AE7F-4E1F24F719A9}.Debug|Any CPU.ActiveCfg = Debug|Any CPU
		{D512BF2D-5EC7-4427-AE7F-4E1F24F719A9}.Debug|Any CPU.Build.0 = Debug|Any CPU
		{D512BF2D-5EC7-4427-AE7F-4E1F24F719A9}.Release|Any CPU.ActiveCfg = Release|Any CPU
		{D512BF2D-5EC7-4427-AE7F-4E1F24F719A9}.Release|Any CPU.Build.0 = Release|Any CPU
		{EEC52524-5199-4D26-A497-8A44D7BDE2F7}.Debug|Any CPU.ActiveCfg = Debug|Any CPU
		{EEC52524-5199-4D26-A497-8A44D7BDE2F7}.Debug|Any CPU.Build.0 = Debug|Any CPU
		{EEC52524-5199-4D26-A497-8A44D7BDE2F7}.Release|Any CPU.ActiveCfg = Release|Any CPU
		{EEC52524-5199-4D26-A497-8A44D7BDE2F7}.Release|Any CPU.Build.0 = Release|Any CPU
		{5BD3A8C6-76A6-47FE-99B4-F857D828F989}.Debug|Any CPU.ActiveCfg = Debug|Any CPU
		{5BD3A8C6-76A6-47FE-99B4-F857D828F989}.Debug|Any CPU.Build.0 = Debug|Any CPU
		{5BD3A8C6-76A6-47FE-99B4-F857D828F989}.Release|Any CPU.ActiveCfg = Release|Any CPU
		{5BD3A8C6-76A6-47FE-99B4-F857D828F989}.Release|Any CPU.Build.0 = Release|Any CPU
		{021773B2-2D77-40DC-9AAC-89D3184B8E6B}.Debug|Any CPU.ActiveCfg = Debug|Any CPU
		{021773B2-2D77-40DC-9AAC-89D3184B8E6B}.Debug|Any CPU.Build.0 = Debug|Any CPU
		{021773B2-2D77-40DC-9AAC-89D3184B8E6B}.Release|Any CPU.ActiveCfg = Release|Any CPU
		{021773B2-2D77-40DC-9AAC-89D3184B8E6B}.Release|Any CPU.Build.0 = Release|Any CPU
		{A20E3FD7-D21E-49D9-B1CA-2907CADDD97E}.Debug|Any CPU.ActiveCfg = Debug|Any CPU
		{A20E3FD7-D21E-49D9-B1CA-2907CADDD97E}.Debug|Any CPU.Build.0 = Debug|Any CPU
		{A20E3FD7-D21E-49D9-B1CA-2907CADDD97E}.Release|Any CPU.ActiveCfg = Release|Any CPU
		{A20E3FD7-D21E-49D9-B1CA-2907CADDD97E}.Release|Any CPU.Build.0 = Release|Any CPU
		{D74772D0-28F1-47FA-B387-6AB7A4294421}.Debug|Any CPU.ActiveCfg = Debug|Any CPU
		{D74772D0-28F1-47FA-B387-6AB7A4294421}.Debug|Any CPU.Build.0 = Debug|Any CPU
		{D74772D0-28F1-47FA-B387-6AB7A4294421}.Release|Any CPU.ActiveCfg = Release|Any CPU
		{D74772D0-28F1-47FA-B387-6AB7A4294421}.Release|Any CPU.Build.0 = Release|Any CPU
		{BBD3BE2F-7CE4-45CE-80FC-444FA6A4E780}.Debug|Any CPU.ActiveCfg = Debug|Any CPU
		{BBD3BE2F-7CE4-45CE-80FC-444FA6A4E780}.Debug|Any CPU.Build.0 = Debug|Any CPU
		{BBD3BE2F-7CE4-45CE-80FC-444FA6A4E780}.Release|Any CPU.ActiveCfg = Release|Any CPU
		{BBD3BE2F-7CE4-45CE-80FC-444FA6A4E780}.Release|Any CPU.Build.0 = Release|Any CPU
		{802F0800-BA03-47D7-B355-55365E1FF854}.Debug|Any CPU.ActiveCfg = Debug|Any CPU
		{802F0800-BA03-47D7-B355-55365E1FF854}.Debug|Any CPU.Build.0 = Debug|Any CPU
		{802F0800-BA03-47D7-B355-55365E1FF854}.Release|Any CPU.ActiveCfg = Release|Any CPU
		{802F0800-BA03-47D7-B355-55365E1FF854}.Release|Any CPU.Build.0 = Release|Any CPU
		{DA182C63-C13F-407E-86F0-BDB482AB1203}.Debug|Any CPU.ActiveCfg = Debug|Any CPU
		{DA182C63-C13F-407E-86F0-BDB482AB1203}.Debug|Any CPU.Build.0 = Debug|Any CPU
		{DA182C63-C13F-407E-86F0-BDB482AB1203}.Release|Any CPU.ActiveCfg = Release|Any CPU
		{DA182C63-C13F-407E-86F0-BDB482AB1203}.Release|Any CPU.Build.0 = Release|Any CPU
	EndGlobalSection
	GlobalSection(SolutionProperties) = preSolution
		HideSolutionNode = FALSE
	EndGlobalSection
EndGlobal
